
Microsoft Visual Studio Solution File, Format Version 12.00
# Visual Studio 14
VisualStudioVersion = 14.0.25420.1
MinimumVisualStudioVersion = 10.0.40219.1
Project("{FAE04EC0-301F-11D3-BF4B-00C04F79EFBC}") = "rocksdb-test", "rocksdb-test\rocksdb-test.csproj", "{5C48CE15-8026-417F-BCA0-11F776991452}"
EndProject
Project("{FAE04EC0-301F-11D3-BF4B-00C04F79EFBC}") = "CCSDS", "CCSDS\CCSDS.csproj", "{3E691C7A-414E-480B-98B1-0444FF059404}"
EndProject
Project("{FAE04EC0-301F-11D3-BF4B-00C04F79EFBC}") = "IData", "IData\IData.csproj", "{B11A82E8-30A2-4B8D-B2DE-118B815C3AB0}"
EndProject
Global
	GlobalSection(SolutionConfigurationPlatforms) = preSolution
		Debug|Any CPU = Debug|Any CPU
		Debug|x64 = Debug|x64
		Release|Any CPU = Release|Any CPU
		Release|x64 = Release|x64
	EndGlobalSection
	GlobalSection(ProjectConfigurationPlatforms) = postSolution
		{5C48CE15-8026-417F-BCA0-11F776991452}.Debug|Any CPU.ActiveCfg = Debug|Any CPU
		{5C48CE15-8026-417F-BCA0-11F776991452}.Debug|Any CPU.Build.0 = Debug|Any CPU
		{5C48CE15-8026-417F-BCA0-11F776991452}.Debug|x64.ActiveCfg = Debug|Any CPU
		{5C48CE15-8026-417F-BCA0-11F776991452}.Debug|x64.Build.0 = Debug|Any CPU
		{5C48CE15-8026-417F-BCA0-11F776991452}.Release|Any CPU.ActiveCfg = Release|Any CPU
		{5C48CE15-8026-417F-BCA0-11F776991452}.Release|Any CPU.Build.0 = Release|Any CPU
		{5C48CE15-8026-417F-BCA0-11F776991452}.Release|x64.ActiveCfg = Release|Any CPU
		{5C48CE15-8026-417F-BCA0-11F776991452}.Release|x64.Build.0 = Release|Any CPU
		{3E691C7A-414E-480B-98B1-0444FF059404}.Debug|Any CPU.ActiveCfg = Debug|Any CPU
		{3E691C7A-414E-480B-98B1-0444FF059404}.Debug|Any CPU.Build.0 = Debug|Any CPU
		{3E691C7A-414E-480B-98B1-0444FF059404}.Debug|x64.ActiveCfg = Debug|x64
		{3E691C7A-414E-480B-98B1-0444FF059404}.Debug|x64.Build.0 = Debug|x64
		{3E691C7A-414E-480B-98B1-0444FF059404}.Release|Any CPU.ActiveCfg = Release|Any CPU
		{3E691C7A-414E-480B-98B1-0444FF059404}.Release|Any CPU.Build.0 = Release|Any CPU
		{3E691C7A-414E-480B-98B1-0444FF059404}.Release|x64.ActiveCfg = Release|x64
		{3E691C7A-414E-480B-98B1-0444FF059404}.Release|x64.Build.0 = Release|x64
		{B11A82E8-30A2-4B8D-B2DE-118B815C3AB0}.Debug|Any CPU.ActiveCfg = Debug|Any CPU
		{B11A82E8-30A2-4B8D-B2DE-118B815C3AB0}.Debug|Any CPU.Build.0 = Debug|Any CPU
		{B11A82E8-30A2-4B8D-B2DE-118B815C3AB0}.Debug|x64.ActiveCfg = Debug|Any CPU
		{B11A82E8-30A2-4B8D-B2DE-118B815C3AB0}.Debug|x64.Build.0 = Debug|Any CPU
		{B11A82E8-30A2-4B8D-B2DE-118B815C3AB0}.Release|Any CPU.ActiveCfg = Release|Any CPU
		{B11A82E8-30A2-4B8D-B2DE-118B815C3AB0}.Release|Any CPU.Build.0 = Release|Any CPU
		{B11A82E8-30A2-4B8D-B2DE-118B815C3AB0}.Release|x64.ActiveCfg = Release|Any CPU
		{B11A82E8-30A2-4B8D-B2DE-118B815C3AB0}.Release|x64.Build.0 = Release|Any CPU
	EndGlobalSection
	GlobalSection(SolutionProperties) = preSolution
		HideSolutionNode = FALSE
	EndGlobalSection
EndGlobal
